
Microsoft Visual Studio Solution File, Format Version 12.00
# Visual Studio Version 17
VisualStudioVersion = 17.10.34928.147
MinimumVisualStudioVersion = 10.0.40219.1
Project("{FAE04EC0-301F-11D3-BF4B-00C04F79EFBC}") = "PB503Project-1", "PB503Project-1\PB503Project-1.csproj", "{9330262A-B4B9-4E4F-AB59-0487DD1F396E}"
EndProject
Global
	GlobalSection(SolutionConfigurationPlatforms) = preSolution
		Debug|Any CPU = Debug|Any CPU
		Release|Any CPU = Release|Any CPU
	EndGlobalSection
	GlobalSection(ProjectConfigurationPlatforms) = postSolution
		{9330262A-B4B9-4E4F-AB59-0487DD1F396E}.Debug|Any CPU.ActiveCfg = Debug|Any CPU
		{9330262A-B4B9-4E4F-AB59-0487DD1F396E}.Debug|Any CPU.Build.0 = Debug|Any CPU
		{9330262A-B4B9-4E4F-AB59-0487DD1F396E}.Release|Any CPU.ActiveCfg = Release|Any CPU
		{9330262A-B4B9-4E4F-AB59-0487DD1F396E}.Release|Any CPU.Build.0 = Release|Any CPU
	EndGlobalSection
	GlobalSection(SolutionProperties) = preSolution
		HideSolutionNode = FALSE
	EndGlobalSection
	GlobalSection(ExtensibilityGlobals) = postSolution
		SolutionGuid = {D835BB86-EF63-4411-92FA-FDB390297779}
	EndGlobalSection
EndGlobal
